
Microsoft Visual Studio Solution File, Format Version 12.00
# Visual Studio Version 17
VisualStudioVersion = 17.14.36429.23
MinimumVisualStudioVersion = 10.0.40219.1
Project("{FAE04EC0-301F-11D3-BF4B-00C04F79EFBC}") = "web-api-with-ef-core-odata", "web-api-with-ef-core-odata\web-api-with-ef-core-odata.csproj", "{03C8BA08-2C20-7397-3CEA-D4CB8CF2FB92}"
EndProject
Global
	GlobalSection(SolutionConfigurationPlatforms) = preSolution
		Debug|Any CPU = Debug|Any CPU
		Release|Any CPU = Release|Any CPU
	EndGlobalSection
	GlobalSection(ProjectConfigurationPlatforms) = postSolution
		{03C8BA08-2C20-7397-3CEA-D4CB8CF2FB92}.Debug|Any CPU.ActiveCfg = Debug|Any CPU
		{03C8BA08-2C20-7397-3CEA-D4CB8CF2FB92}.Debug|Any CPU.Build.0 = Debug|Any CPU
		{03C8BA08-2C20-7397-3CEA-D4CB8CF2FB92}.Release|Any CPU.ActiveCfg = Release|Any CPU
		{03C8BA08-2C20-7397-3CEA-D4CB8CF2FB92}.Release|Any CPU.Build.0 = Release|Any CPU
	EndGlobalSection
	GlobalSection(SolutionProperties) = preSolution
		HideSolutionNode = FALSE
	EndGlobalSection
	GlobalSection(ExtensibilityGlobals) = postSolution
		SolutionGuid = {3F4A6863-3FCE-4CB0-A655-B877626A2E81}
	EndGlobalSection
EndGlobal
